{
  "projects": [
    {
      "projectId": "ohDidvG9XsCeFumugENU3J",
      "version": "4.14.0",
      "dependencies": {},
      "lang": "ts",
      "fileLocks": [
        {
          "assetId": "ohDidvG9XsCeFumugENU3J",
          "type": "projectCss",
          "checksum": "fd83b730367fdbde2c69bc6cf31c2a3c"
        },
        {
          "assetId": "ohDidvG9XsCeFumugENU3J",
          "checksum": "0293af0adadc2d03e8760ddd1ad5d3a9",
          "type": "globalContexts"
        }
      ],
      "codegenVersion": "0.0.1"
    },
    {
      "projectId": "ec2EGmqeZaBv6iqjTrAK9W",
      "version": "latest",
      "dependencies": {
        "ohDidvG9XsCeFumugENU3J": "4.14.0",
        "8PtdGodUbexNYgkuyBUcWu": "3.18.0"
      },
      "lang": "ts",
      "fileLocks": [
        {
          "type": "globalVariant",
          "assetId": "_92lg6k3rJGs",
          "checksum": "84337a2aff04ac2e13906a67b35b11af"
        },
        {
          "assetId": "ec2EGmqeZaBv6iqjTrAK9W",
          "checksum": "f27736487256b0671f00e77f6b7d8353",
          "type": "globalContexts"
        },
        {
          "type": "renderModule",
          "assetId": "qfSkZIbsj2Nv",
          "checksum": "51c76c01e0528e18f31efeadc03e4306"
        },
        {
          "type": "cssRules",
          "assetId": "qfSkZIbsj2Nv",
          "checksum": "51c76c01e0528e18f31efeadc03e4306"
        },
        {
          "type": "renderModule",
          "assetId": "OliqYognCxZh",
          "checksum": "faff4156d02d431e4ce699e7bdb14bf1"
        },
        {
          "type": "cssRules",
          "assetId": "OliqYognCxZh",
          "checksum": "faff4156d02d431e4ce699e7bdb14bf1"
        },
        {
          "assetId": "ec2EGmqeZaBv6iqjTrAK9W",
          "type": "projectCss",
          "checksum": "4c5c3090148e7ff442b9f63fad4a50fc"
        }
      ],
      "codegenVersion": "0.0.1"
    },
    {
      "projectId": "8PtdGodUbexNYgkuyBUcWu",
      "version": "3.18.0",
      "dependencies": {},
      "lang": "ts",
      "fileLocks": [
        {
          "assetId": "8PtdGodUbexNYgkuyBUcWu",
          "type": "projectCss",
          "checksum": "078b5be9aa4a8ea2a39b36c771c25aaa"
        },
        {
          "assetId": "8PtdGodUbexNYgkuyBUcWu",
          "checksum": "c48776bba1b3886e93349ddfa619cee9",
          "type": "globalContexts"
        }
      ],
      "codegenVersion": "0.0.1"
    }
  ],
  "cliVersion": "0.1.307"
}
