{
  "projects": [
    {
      "projectId": "ohDidvG9XsCeFumugENU3J",
      "version": "4.14.0",
      "dependencies": {},
      "lang": "ts",
      "fileLocks": [
        {
          "assetId": "ohDidvG9XsCeFumugENU3J",
          "type": "projectCss",
          "checksum": "fd83b730367fdbde2c69bc6cf31c2a3c"
        },
        {
          "assetId": "ohDidvG9XsCeFumugENU3J",
          "checksum": "0293af0adadc2d03e8760ddd1ad5d3a9",
          "type": "globalContexts"
        }
      ],
      "codegenVersion": "0.0.1"
    },
    {
      "projectId": "ec2EGmqeZaBv6iqjTrAK9W",
      "version": "latest",
      "dependencies": {
        "ohDidvG9XsCeFumugENU3J": "4.14.0",
        "8PtdGodUbexNYgkuyBUcWu": "3.18.0"
      },
      "lang": "ts",
      "fileLocks": [
        {
          "type": "globalVariant",
          "assetId": "_92lg6k3rJGs",
          "checksum": "2d8152837538dcb43fccd53297d60f92"
        },
        {
          "assetId": "ec2EGmqeZaBv6iqjTrAK9W",
          "checksum": "f27736487256b0671f00e77f6b7d8353",
          "type": "globalContexts"
        },
        {
          "type": "renderModule",
          "assetId": "qfSkZIbsj2Nv",
          "checksum": "b096b6b1af9cebbab074bd201afb9abe"
        },
        {
          "type": "cssRules",
          "assetId": "qfSkZIbsj2Nv",
          "checksum": "b096b6b1af9cebbab074bd201afb9abe"
        },
        {
          "type": "renderModule",
          "assetId": "OliqYognCxZh",
          "checksum": "07ec6ad64f17bac26b0277451f311571"
        },
        {
          "type": "cssRules",
          "assetId": "OliqYognCxZh",
          "checksum": "07ec6ad64f17bac26b0277451f311571"
        },
        {
          "type": "renderModule",
          "assetId": "KSlN7_uDUOFX",
          "checksum": "a5b40a63b11a278812d9d171010ef9f5"
        },
        {
          "type": "cssRules",
          "assetId": "KSlN7_uDUOFX",
          "checksum": "a5b40a63b11a278812d9d171010ef9f5"
        },
        {
          "assetId": "ec2EGmqeZaBv6iqjTrAK9W",
          "type": "projectCss",
          "checksum": "4c5c3090148e7ff442b9f63fad4a50fc"
        }
      ],
      "codegenVersion": "0.0.1"
    },
    {
      "projectId": "8PtdGodUbexNYgkuyBUcWu",
      "version": "3.18.0",
      "dependencies": {},
      "lang": "ts",
      "fileLocks": [
        {
          "assetId": "8PtdGodUbexNYgkuyBUcWu",
          "type": "projectCss",
          "checksum": "078b5be9aa4a8ea2a39b36c771c25aaa"
        },
        {
          "assetId": "8PtdGodUbexNYgkuyBUcWu",
          "checksum": "c48776bba1b3886e93349ddfa619cee9",
          "type": "globalContexts"
        }
      ],
      "codegenVersion": "0.0.1"
    }
  ],
  "cliVersion": "0.1.307"
}
